
Microsoft Visual Studio Solution File, Format Version 12.00
# Visual Studio Version 17
VisualStudioVersion = 17.10.35013.160
MinimumVisualStudioVersion = 10.0.40219.1
Project("{FAE04EC0-301F-11D3-BF4B-00C04F79EFBC}") = "FIT5032_MyDatabaseFirst", "FIT5032_MyDatabaseFirst\FIT5032_MyDatabaseFirst.csproj", "{009386C1-CF53-4B5A-AEBF-518FB1BFCF70}"
EndProject
Global
	GlobalSection(SolutionConfigurationPlatforms) = preSolution
		Debug|Any CPU = Debug|Any CPU
		Release|Any CPU = Release|Any CPU
	EndGlobalSection
	GlobalSection(ProjectConfigurationPlatforms) = postSolution
		{009386C1-CF53-4B5A-AEBF-518FB1BFCF70}.Debug|Any CPU.ActiveCfg = Debug|Any CPU
		{009386C1-CF53-4B5A-AEBF-518FB1BFCF70}.Debug|Any CPU.Build.0 = Debug|Any CPU
		{009386C1-CF53-4B5A-AEBF-518FB1BFCF70}.Release|Any CPU.ActiveCfg = Release|Any CPU
		{009386C1-CF53-4B5A-AEBF-518FB1BFCF70}.Release|Any CPU.Build.0 = Release|Any CPU
	EndGlobalSection
	GlobalSection(SolutionProperties) = preSolution
		HideSolutionNode = FALSE
	EndGlobalSection
	GlobalSection(ExtensibilityGlobals) = postSolution
		SolutionGuid = {D0C46028-76DD-4DF6-AC6D-EBF9FA6EE016}
	EndGlobalSection
EndGlobal
