
Microsoft Visual Studio Solution File, Format Version 12.00
# Visual Studio Version 17
VisualStudioVersion = 17.10.35004.147
MinimumVisualStudioVersion = 10.0.40219.1
Project("{FAE04EC0-301F-11D3-BF4B-00C04F79EFBC}") = "MyDatePicker", "MyDatePicker\MyDatePicker.csproj", "{59A19518-5C4A-48A8-B24D-78AD1DD4157D}"
EndProject
Project("{FAE04EC0-301F-11D3-BF4B-00C04F79EFBC}") = "MyDatePicker.Tests", "MyDatePicker.Tests\MyDatePicker.Tests.csproj", "{2EA14A66-13AF-4C3F-942C-93FDCC9B814B}"
EndProject
Global
	GlobalSection(SolutionConfigurationPlatforms) = preSolution
		Debug|Any CPU = Debug|Any CPU
		Release|Any CPU = Release|Any CPU
	EndGlobalSection
	GlobalSection(ProjectConfigurationPlatforms) = postSolution
		{59A19518-5C4A-48A8-B24D-78AD1DD4157D}.Debug|Any CPU.ActiveCfg = Debug|Any CPU
		{59A19518-5C4A-48A8-B24D-78AD1DD4157D}.Debug|Any CPU.Build.0 = Debug|Any CPU
		{59A19518-5C4A-48A8-B24D-78AD1DD4157D}.Release|Any CPU.ActiveCfg = Release|Any CPU
		{59A19518-5C4A-48A8-B24D-78AD1DD4157D}.Release|Any CPU.Build.0 = Release|Any CPU
		{2EA14A66-13AF-4C3F-942C-93FDCC9B814B}.Debug|Any CPU.ActiveCfg = Debug|Any CPU
		{2EA14A66-13AF-4C3F-942C-93FDCC9B814B}.Debug|Any CPU.Build.0 = Debug|Any CPU
		{2EA14A66-13AF-4C3F-942C-93FDCC9B814B}.Release|Any CPU.ActiveCfg = Release|Any CPU
		{2EA14A66-13AF-4C3F-942C-93FDCC9B814B}.Release|Any CPU.Build.0 = Release|Any CPU
	EndGlobalSection
	GlobalSection(SolutionProperties) = preSolution
		HideSolutionNode = FALSE
	EndGlobalSection
	GlobalSection(ExtensibilityGlobals) = postSolution
		SolutionGuid = {0D1B7657-424E-42DB-81EA-3DDA67F41E5D}
	EndGlobalSection
EndGlobal
